
Microsoft Visual Studio Solution File, Format Version 12.00
# Visual Studio Version 17
VisualStudioVersion = 17.7.34202.233
MinimumVisualStudioVersion = 10.0.40219.1
Project("{FAE04EC0-301F-11D3-BF4B-00C04F79EFBC}") = "Execution", "Execution\Execution.csproj", "{58864724-2F7D-410C-9990-A7CF79938268}"
EndProject
Global
	GlobalSection(SolutionConfigurationPlatforms) = preSolution
		Debug|Any CPU = Debug|Any CPU
		Release|Any CPU = Release|Any CPU
	EndGlobalSection
	GlobalSection(ProjectConfigurationPlatforms) = postSolution
		{58864724-2F7D-410C-9990-A7CF79938268}.Debug|Any CPU.ActiveCfg = Debug|Any CPU
		{58864724-2F7D-410C-9990-A7CF79938268}.Debug|Any CPU.Build.0 = Debug|Any CPU
		{58864724-2F7D-410C-9990-A7CF79938268}.Release|Any CPU.ActiveCfg = Release|Any CPU
		{58864724-2F7D-410C-9990-A7CF79938268}.Release|Any CPU.Build.0 = Release|Any CPU
	EndGlobalSection
	GlobalSection(SolutionProperties) = preSolution
		HideSolutionNode = FALSE
	EndGlobalSection
	GlobalSection(ExtensibilityGlobals) = postSolution
		SolutionGuid = {28A76A67-3A1D-4B9A-9BB3-983395EE936C}
	EndGlobalSection
EndGlobal
