
Microsoft Visual Studio Solution File, Format Version 12.00
# Visual Studio Version 17
VisualStudioVersion = 17.8.34511.84
MinimumVisualStudioVersion = 10.0.40219.1
Project("{FAE04EC0-301F-11D3-BF4B-00C04F79EFBC}") = "WebApplication1", "WebApplication1\WebApplication1.csproj", "{9B93DA1A-F1E1-48EC-87E2-A35B4B86AAE7}"
EndProject
Global
	GlobalSection(SolutionConfigurationPlatforms) = preSolution
		Debug|Any CPU = Debug|Any CPU
		Release|Any CPU = Release|Any CPU
	EndGlobalSection
	GlobalSection(ProjectConfigurationPlatforms) = postSolution
		{9B93DA1A-F1E1-48EC-87E2-A35B4B86AAE7}.Debug|Any CPU.ActiveCfg = Debug|Any CPU
		{9B93DA1A-F1E1-48EC-87E2-A35B4B86AAE7}.Debug|Any CPU.Build.0 = Debug|Any CPU
		{9B93DA1A-F1E1-48EC-87E2-A35B4B86AAE7}.Release|Any CPU.ActiveCfg = Release|Any CPU
		{9B93DA1A-F1E1-48EC-87E2-A35B4B86AAE7}.Release|Any CPU.Build.0 = Release|Any CPU
	EndGlobalSection
	GlobalSection(SolutionProperties) = preSolution
		HideSolutionNode = FALSE
	EndGlobalSection
	GlobalSection(ExtensibilityGlobals) = postSolution
		SolutionGuid = {78BA5604-83A2-4E62-AB7D-9BBA903E7FA4}
	EndGlobalSection
EndGlobal
