
Microsoft Visual Studio Solution File, Format Version 12.00
# Visual Studio Version 17
VisualStudioVersion = 17.7.34202.233
MinimumVisualStudioVersion = 10.0.40219.1
Project("{FAE04EC0-301F-11D3-BF4B-00C04F79EFBC}") = "Task1", "Task1\Task1.csproj", "{04015627-4CA8-4BEC-BA0C-96491958AB27}"
EndProject
Global
	GlobalSection(SolutionConfigurationPlatforms) = preSolution
		Debug|Any CPU = Debug|Any CPU
		Release|Any CPU = Release|Any CPU
	EndGlobalSection
	GlobalSection(ProjectConfigurationPlatforms) = postSolution
		{04015627-4CA8-4BEC-BA0C-96491958AB27}.Debug|Any CPU.ActiveCfg = Debug|Any CPU
		{04015627-4CA8-4BEC-BA0C-96491958AB27}.Debug|Any CPU.Build.0 = Debug|Any CPU
		{04015627-4CA8-4BEC-BA0C-96491958AB27}.Release|Any CPU.ActiveCfg = Release|Any CPU
		{04015627-4CA8-4BEC-BA0C-96491958AB27}.Release|Any CPU.Build.0 = Release|Any CPU
	EndGlobalSection
	GlobalSection(SolutionProperties) = preSolution
		HideSolutionNode = FALSE
	EndGlobalSection
	GlobalSection(ExtensibilityGlobals) = postSolution
		SolutionGuid = {3B307421-385A-4F23-9DF5-435E8A044075}
	EndGlobalSection
EndGlobal
