
Microsoft Visual Studio Solution File, Format Version 12.00
# Visual Studio Version 17
VisualStudioVersion = 17.7.34202.233
MinimumVisualStudioVersion = 10.0.40219.1
Project("{FAE04EC0-301F-11D3-BF4B-00C04F79EFBC}") = "linqTesty", "linqTesty\linqTesty.csproj", "{88B549B7-53BB-40C3-8250-D700D4CE777B}"
EndProject
Global
	GlobalSection(SolutionConfigurationPlatforms) = preSolution
		Debug|Any CPU = Debug|Any CPU
		Release|Any CPU = Release|Any CPU
	EndGlobalSection
	GlobalSection(ProjectConfigurationPlatforms) = postSolution
		{88B549B7-53BB-40C3-8250-D700D4CE777B}.Debug|Any CPU.ActiveCfg = Debug|Any CPU
		{88B549B7-53BB-40C3-8250-D700D4CE777B}.Debug|Any CPU.Build.0 = Debug|Any CPU
		{88B549B7-53BB-40C3-8250-D700D4CE777B}.Release|Any CPU.ActiveCfg = Release|Any CPU
		{88B549B7-53BB-40C3-8250-D700D4CE777B}.Release|Any CPU.Build.0 = Release|Any CPU
	EndGlobalSection
	GlobalSection(SolutionProperties) = preSolution
		HideSolutionNode = FALSE
	EndGlobalSection
	GlobalSection(ExtensibilityGlobals) = postSolution
		SolutionGuid = {6502DE17-C94B-408C-A78B-69DEB9D05817}
	EndGlobalSection
EndGlobal
